{
  "name": "best-moments",
  "version": "1.0.0",
  "lockfileVersion": 2,
  "requires": true,
  "packages": {
    "": {
      "name": "best-moments",
      "version": "1.0.0",
      "license": "ISC",
      "dependencies": {
        "navigo": "^8.11.1",
        "normalize.css": "^8.0.1"
      }
    },
    "node_modules/navigo": {
      "version": "8.11.1",
      "resolved": "https://registry.npmjs.org/navigo/-/navigo-8.11.1.tgz",
      "integrity": "sha512-e3sc1UzakF+bWquC8/dbPCgo7LgPEW1ekgwb4pmEcl8tOc/I7lML8r7HBql+b0VRk7tJWTZqtkeObwJAVR1pxg=="
    },
    "node_modules/normalize.css": {
      "version": "8.0.1",
      "resolved": "https://registry.npmjs.org/normalize.css/-/normalize.css-8.0.1.tgz",
      "integrity": "sha512-qizSNPO93t1YUuUhP22btGOo3chcvDFqFaj2TRybP0DMxkHOCTYwp3n34fel4a31ORXy4m1Xq0Gyqpb5m33qIg=="
    }
  },
  "dependencies": {
    "navigo": {
      "version": "8.11.1",
      "resolved": "https://registry.npmjs.org/navigo/-/navigo-8.11.1.tgz",
      "integrity": "sha512-e3sc1UzakF+bWquC8/dbPCgo7LgPEW1ekgwb4pmEcl8tOc/I7lML8r7HBql+b0VRk7tJWTZqtkeObwJAVR1pxg=="
    },
    "normalize.css": {
      "version": "8.0.1",
      "resolved": "https://registry.npmjs.org/normalize.css/-/normalize.css-8.0.1.tgz",
      "integrity": "sha512-qizSNPO93t1YUuUhP22btGOo3chcvDFqFaj2TRybP0DMxkHOCTYwp3n34fel4a31ORXy4m1Xq0Gyqpb5m33qIg=="
    }
  }
}
